{
  "requires": true,
  "lockfileVersion": 1,
  "dependencies": {
    "json-pokemon": {
      "version": "1.0.0",
      "resolved": "https://registry.npmjs.org/json-pokemon/-/json-pokemon-1.0.0.tgz",
      "integrity": "sha512-2JZSgphNagh5vBIW7pSWV2nWFohnl6g9wBtFqkt5UBcY36TXV2e7WtzeR9s3hPbJivrwsAJWTBvmlvx9ryz6PA=="
    }
  }
}
